dependencies:
  idf:
    source:
      type: idf
    version: 5.4.0
  joltwallet/littlefs:
    component_hash: 6d24e25b71528abb83f416085e52e766e909d5809653f33926415cd7265a37c0
    dependencies:
    - name: idf
      require: private
      version: '>=5.0'
    source:
      registry_url: https://components.espressif.com/
      type: service
    version: 1.17.0
direct_dependencies:
- idf
- joltwallet/littlefs
manifest_hash: 2cbde4ba06ca172b438a2d8bb81b29150ab068534ffad519475f0ed22e433fe3
target: esp32
version: 2.0.0
