dependencies:
  dernasherbrezon/sx127x:
    component_hash: 97e3499f254372fab6b724e2eed4177167bd45cc68182d370dcb7956f2df00e8
    dependencies: []
    source:
      registry_url: https://components.espressif.com/
      type: service
    version: 4.0.1
  idf:
    source:
      type: idf
    version: 5.4.0
  joltwallet/littlefs:
    component_hash: 8dd83825446dfdc7c22bcfa363731d24afc7bd0c8b23ede99359112cfe239e9d
    dependencies:
    - name: idf
      require: private
      version: '>=5.0'
    source:
      registry_url: https://components.espressif.com/
      type: service
    version: 1.18.1
  nimble_central_utils:
    dependencies: []
    source:
      path: C:\Users\uni\esp\v5.4\esp-idf\examples\bluetooth\nimble\common\nimble_central_utils
      type: local
    version: '*'
  sd_card:
    dependencies: []
    source:
      path: C:\Users\uni\esp\v5.4\esp-idf\examples\storage\sd_card\sdmmc\components\sd_card
      type: local
    version: '*'
direct_dependencies:
- dernasherbrezon/sx127x
- idf
- joltwallet/littlefs
- nimble_central_utils
- sd_card
manifest_hash: e691a7f3d792bec26b12b89d3c15c6a403065979224a6d21442c3a1cfdaf00e0
target: esp32
version: 2.0.0
